
Microsoft Visual Studio Solution File, Format Version 12.00
# Visual Studio Version 17
VisualStudioVersion = 17.7.34202.233
MinimumVisualStudioVersion = 10.0.40219.1
Project("{FAE04EC0-301F-11D3-BF4B-00C04F79EFBC}") = "RestProject", "RestProject\RestProject.csproj", "{5184CF26-7D58-40C3-8F6E-8079626D4A7D}"
EndProject
Global
	GlobalSection(SolutionConfigurationPlatforms) = preSolution
		Debug|Any CPU = Debug|Any CPU
		Release|Any CPU = Release|Any CPU
	EndGlobalSection
	GlobalSection(ProjectConfigurationPlatforms) = postSolution
		{5184CF26-7D58-40C3-8F6E-8079626D4A7D}.Debug|Any CPU.ActiveCfg = Debug|Any CPU
		{5184CF26-7D58-40C3-8F6E-8079626D4A7D}.Debug|Any CPU.Build.0 = Debug|Any CPU
		{5184CF26-7D58-40C3-8F6E-8079626D4A7D}.Debug|Any CPU.Deploy.0 = Debug|Any CPU
		{5184CF26-7D58-40C3-8F6E-8079626D4A7D}.Release|Any CPU.ActiveCfg = Release|Any CPU
		{5184CF26-7D58-40C3-8F6E-8079626D4A7D}.Release|Any CPU.Build.0 = Release|Any CPU
		{5184CF26-7D58-40C3-8F6E-8079626D4A7D}.Release|Any CPU.Deploy.0 = Release|Any CPU
	EndGlobalSection
	GlobalSection(SolutionProperties) = preSolution
		HideSolutionNode = FALSE
	EndGlobalSection
	GlobalSection(ExtensibilityGlobals) = postSolution
		SolutionGuid = {2AB38825-EAF4-458E-864D-5B6E92AF9242}
	EndGlobalSection
EndGlobal
